
Microsoft Visual Studio Solution File, Format Version 12.00
# Visual Studio Version 17
VisualStudioVersion = 17.11.35312.102
MinimumVisualStudioVersion = 10.0.40219.1
Project("{FAE04EC0-301F-11D3-BF4B-00C04F79EFBC}") = "MVCPOE", "MVCPOE.csproj", "{BD0BB8D0-6BF1-4320-8313-FB4E5C305495}"
EndProject
Global
	GlobalSection(SolutionConfigurationPlatforms) = preSolution
		Debug|Any CPU = Debug|Any CPU
		Release|Any CPU = Release|Any CPU
	EndGlobalSection
	GlobalSection(ProjectConfigurationPlatforms) = postSolution
		{BD0BB8D0-6BF1-4320-8313-FB4E5C305495}.Debug|Any CPU.ActiveCfg = Debug|Any CPU
		{BD0BB8D0-6BF1-4320-8313-FB4E5C305495}.Debug|Any CPU.Build.0 = Debug|Any CPU
		{BD0BB8D0-6BF1-4320-8313-FB4E5C305495}.Release|Any CPU.ActiveCfg = Release|Any CPU
		{BD0BB8D0-6BF1-4320-8313-FB4E5C305495}.Release|Any CPU.Build.0 = Release|Any CPU
	EndGlobalSection
	GlobalSection(SolutionProperties) = preSolution
		HideSolutionNode = FALSE
	EndGlobalSection
	GlobalSection(ExtensibilityGlobals) = postSolution
		SolutionGuid = {CB0B2381-A2A6-4491-B3EE-96EF5704AFC3}
	EndGlobalSection
EndGlobal
